
Microsoft Visual Studio Solution File, Format Version 12.00
# Visual Studio Version 17
VisualStudioVersion = 17.0.31903.59
MinimumVisualStudioVersion = 10.0.40219.1
Project("{2150E333-8FDC-42A3-9474-1A3956D46DE8}") = "src", "src", "{322F1EE4-35E0-443C-A901-B5A0185B80B9}"
EndProject
Project("{FAE04EC0-301F-11D3-BF4B-00C04F79EFBC}") = "ApBox.Core", "src\ApBox.Core\ApBox.Core.csproj", "{962D0690-81DB-487A-9795-F210F7763DB6}"
EndProject
Project("{FAE04EC0-301F-11D3-BF4B-00C04F79EFBC}") = "ApBox.Web", "src\ApBox.Web\ApBox.Web.csproj", "{BF632A22-FD7C-424D-8AF4-F07438BEDCDB}"
EndProject
Project("{FAE04EC0-301F-11D3-BF4B-00C04F79EFBC}") = "ApBox.Plugins", "src\ApBox.Plugins\ApBox.Plugins.csproj", "{68ECE4B1-ED38-438A-8E36-53CDC6EA9FA5}"
EndProject
Project("{FAE04EC0-301F-11D3-BF4B-00C04F79EFBC}") = "ApBox.SamplePlugins", "src\ApBox.SamplePlugins\ApBox.SamplePlugins.csproj", "{88888888-8888-8888-8888-888888888888}"
EndProject
Project("{2150E333-8FDC-42A3-9474-1A3956D46DE8}") = "tests", "tests", "{FF018EB1-7671-414D-BB9D-9AF276DC3060}"
EndProject
Project("{FAE04EC0-301F-11D3-BF4B-00C04F79EFBC}") = "ApBox.Core.Tests", "tests\ApBox.Core.Tests\ApBox.Core.Tests.csproj", "{71C0D73F-EF5B-4571-BE21-E4FAA521F413}"
EndProject
Project("{FAE04EC0-301F-11D3-BF4B-00C04F79EFBC}") = "ApBox.Web.Tests", "tests\ApBox.Web.Tests\ApBox.Web.Tests.csproj", "{04D271BB-A44B-4E25-B512-EC9236ADEC36}"
EndProject
Project("{FAE04EC0-301F-11D3-BF4B-00C04F79EFBC}") = "ApBox.Plugins.Tests", "tests\ApBox.Plugins.Tests\ApBox.Plugins.Tests.csproj", "{554D5523-662C-458C-9A31-BAE2B71F8577}"
EndProject
Global
	GlobalSection(SolutionConfigurationPlatforms) = preSolution
		Debug|Any CPU = Debug|Any CPU
		Release|Any CPU = Release|Any CPU
	EndGlobalSection
	GlobalSection(SolutionProperties) = preSolution
		HideSolutionNode = FALSE
	EndGlobalSection
	GlobalSection(ProjectConfigurationPlatforms) = postSolution
		{962D0690-81DB-487A-9795-F210F7763DB6}.Debug|Any CPU.ActiveCfg = Debug|Any CPU
		{962D0690-81DB-487A-9795-F210F7763DB6}.Debug|Any CPU.Build.0 = Debug|Any CPU
		{962D0690-81DB-487A-9795-F210F7763DB6}.Release|Any CPU.ActiveCfg = Release|Any CPU
		{962D0690-81DB-487A-9795-F210F7763DB6}.Release|Any CPU.Build.0 = Release|Any CPU
		{BF632A22-FD7C-424D-8AF4-F07438BEDCDB}.Debug|Any CPU.ActiveCfg = Debug|Any CPU
		{BF632A22-FD7C-424D-8AF4-F07438BEDCDB}.Debug|Any CPU.Build.0 = Debug|Any CPU
		{BF632A22-FD7C-424D-8AF4-F07438BEDCDB}.Release|Any CPU.ActiveCfg = Release|Any CPU
		{BF632A22-FD7C-424D-8AF4-F07438BEDCDB}.Release|Any CPU.Build.0 = Release|Any CPU
		{68ECE4B1-ED38-438A-8E36-53CDC6EA9FA5}.Debug|Any CPU.ActiveCfg = Debug|Any CPU
		{68ECE4B1-ED38-438A-8E36-53CDC6EA9FA5}.Debug|Any CPU.Build.0 = Debug|Any CPU
		{68ECE4B1-ED38-438A-8E36-53CDC6EA9FA5}.Release|Any CPU.ActiveCfg = Release|Any CPU
		{68ECE4B1-ED38-438A-8E36-53CDC6EA9FA5}.Release|Any CPU.Build.0 = Release|Any CPU
		{88888888-8888-8888-8888-888888888888}.Debug|Any CPU.ActiveCfg = Debug|Any CPU
		{88888888-8888-8888-8888-888888888888}.Debug|Any CPU.Build.0 = Debug|Any CPU
		{88888888-8888-8888-8888-888888888888}.Release|Any CPU.ActiveCfg = Release|Any CPU
		{88888888-8888-8888-8888-888888888888}.Release|Any CPU.Build.0 = Release|Any CPU
		{71C0D73F-EF5B-4571-BE21-E4FAA521F413}.Debug|Any CPU.ActiveCfg = Debug|Any CPU
		{71C0D73F-EF5B-4571-BE21-E4FAA521F413}.Debug|Any CPU.Build.0 = Debug|Any CPU
		{71C0D73F-EF5B-4571-BE21-E4FAA521F413}.Release|Any CPU.ActiveCfg = Release|Any CPU
		{71C0D73F-EF5B-4571-BE21-E4FAA521F413}.Release|Any CPU.Build.0 = Release|Any CPU
		{04D271BB-A44B-4E25-B512-EC9236ADEC36}.Debug|Any CPU.ActiveCfg = Debug|Any CPU
		{04D271BB-A44B-4E25-B512-EC9236ADEC36}.Debug|Any CPU.Build.0 = Debug|Any CPU
		{04D271BB-A44B-4E25-B512-EC9236ADEC36}.Release|Any CPU.ActiveCfg = Release|Any CPU
		{04D271BB-A44B-4E25-B512-EC9236ADEC36}.Release|Any CPU.Build.0 = Release|Any CPU
		{554D5523-662C-458C-9A31-BAE2B71F8577}.Debug|Any CPU.ActiveCfg = Debug|Any CPU
		{554D5523-662C-458C-9A31-BAE2B71F8577}.Debug|Any CPU.Build.0 = Debug|Any CPU
		{554D5523-662C-458C-9A31-BAE2B71F8577}.Release|Any CPU.ActiveCfg = Release|Any CPU
		{554D5523-662C-458C-9A31-BAE2B71F8577}.Release|Any CPU.Build.0 = Release|Any CPU
	EndGlobalSection
	GlobalSection(NestedProjects) = preSolution
		{962D0690-81DB-487A-9795-F210F7763DB6} = {322F1EE4-35E0-443C-A901-B5A0185B80B9}
		{BF632A22-FD7C-424D-8AF4-F07438BEDCDB} = {322F1EE4-35E0-443C-A901-B5A0185B80B9}
		{68ECE4B1-ED38-438A-8E36-53CDC6EA9FA5} = {322F1EE4-35E0-443C-A901-B5A0185B80B9}
		{88888888-8888-8888-8888-888888888888} = {322F1EE4-35E0-443C-A901-B5A0185B80B9}
		{71C0D73F-EF5B-4571-BE21-E4FAA521F413} = {FF018EB1-7671-414D-BB9D-9AF276DC3060}
		{04D271BB-A44B-4E25-B512-EC9236ADEC36} = {FF018EB1-7671-414D-BB9D-9AF276DC3060}
		{554D5523-662C-458C-9A31-BAE2B71F8577} = {FF018EB1-7671-414D-BB9D-9AF276DC3060}
	EndGlobalSection
EndGlobal
